Microsoft Visual Studio Solution File, Format Version 12.00
# Visual Studio Version 17
VisualStudioVersion = 17.0.31903.59
MinimumVisualStudioVersion = 10.0.40219.1
Project("{2150E333-8FDC-42A3-9474-1A3956D46DE8}") = "System.Buffers", "System.Buffers", "{2C54303C-7D38-4CAA-AA02-BD3A3AAC8A57}"
EndProject
Project("{2150E333-8FDC-42A3-9474-1A3956D46DE8}") = "src", "src", "{C49A5915-FC2A-446B-916A-8428FDB53894}"
EndProject
Project("{9A19103F-16F7-4668-BE54-9A1E7A4F7556}") = "System.Buffers", "src\System.Buffers\src\System.Buffers.csproj", "{0616E313-AAB2-447D-B85C-846E99E82B2F}"
EndProject
Project("{2150E333-8FDC-42A3-9474-1A3956D46DE8}") = "tests", "tests", "{098C3481-D67D-4808-9417-BDB03A2EBDA5}"
EndProject
Project("{9A19103F-16F7-4668-BE54-9A1E7A4F7556}") = "System.Buffers.Tests", "src\System.Buffers\tests\System.Buffers.Tests.csproj", "{D62C613F-3EE0-45E9-83C1-5F00D4979E55}"
EndProject
Project("{2150E333-8FDC-42A3-9474-1A3956D46DE8}") = "Microsoft.Bcl.HashCode", "Microsoft.Bcl.HashCode", "{E8080F67-E0C1-45FE-88A1-B075D7478B39}"
EndProject
Project("{2150E333-8FDC-42A3-9474-1A3956D46DE8}") = "src", "src", "{C4349F63-7703-4B32-A4ED-1E574E463C69}"
EndProject
Project("{2150E333-8FDC-42A3-9474-1A3956D46DE8}") = "tests", "tests", "{5D534C7F-F3F1-4F7F-A88B-6C8107C4C757}"
EndProject
Project("{9A19103F-16F7-4668-BE54-9A1E7A4F7556}") = "Microsoft.Bcl.HashCode", "src\Microsoft.Bcl.HashCode\src\Microsoft.Bcl.HashCode.csproj", "{72A3385C-6B43-4D0C-AC5C-AF7EBF320D62}"
EndProject
Project("{9A19103F-16F7-4668-BE54-9A1E7A4F7556}") = "Microsoft.Bcl.HashCode.Tests", "src\Microsoft.Bcl.HashCode\tests\Microsoft.Bcl.HashCode.Tests.csproj", "{023DAED8-926C-40B5-982B-34ABD650AE6E}"
EndProject
Project("{2150E333-8FDC-42A3-9474-1A3956D46DE8}") = "System.Memory", "System.Memory", "{FC90D945-40A0-4CB4-BC71-EC17C9E8F419}"
EndProject
Project("{2150E333-8FDC-42A3-9474-1A3956D46DE8}") = "src", "src", "{E5362B5B-2BDD-459E-ADA8-4B43AD26BB51}"
EndProject
Project("{2150E333-8FDC-42A3-9474-1A3956D46DE8}") = "tests", "tests", "{F2034F32-7729-463B-8A35-76F0BF07A160}"
EndProject
Project("{9A19103F-16F7-4668-BE54-9A1E7A4F7556}") = "System.Memory", "src\System.Memory\src\System.Memory.csproj", "{6C0E5509-10FA-489D-B8B9-83364783BBB2}"
EndProject
Project("{9A19103F-16F7-4668-BE54-9A1E7A4F7556}") = "System.Memory.Tests", "src\System.Memory\tests\System.Memory.Tests.csproj", "{B4DF94FE-F10D-4519-B162-ED57FE9503A3}"
EndProject
Project("{2150E333-8FDC-42A3-9474-1A3956D46DE8}") = "System.Json", "System.Json", "{49C98554-4981-4F3A-A98E-5C729BE0D7A5}"
EndProject
Project("{2150E333-8FDC-42A3-9474-1A3956D46DE8}") = "src", "src", "{AFEBA492-710F-49C1-A722-F54F9B45DD04}"
EndProject
Project("{2150E333-8FDC-42A3-9474-1A3956D46DE8}") = "tests", "tests", "{285CA270-F914-4E93-857D-69F563775BD8}"
EndProject
Project("{9A19103F-16F7-4668-BE54-9A1E7A4F7556}") = "System.Json", "src\System.Json\src\System.Json.csproj", "{8AECDA21-1239-4192-ADAC-A2395592BA6C}"
EndProject
Project("{9A19103F-16F7-4668-BE54-9A1E7A4F7556}") = "System.Json.Tests", "src\System.Json\tests\System.Json.Tests.csproj", "{80B8A19E-CE02-4602-AF3B-BB25777FC906}"
EndProject
Project("{2150E333-8FDC-42A3-9474-1A3956D46DE8}") = "System.Reflection.DispatchProxy", "System.Reflection.DispatchProxy", "{E7FB03F7-C286-4618-BB7D-C4DD705A8A73}"
EndProject
Project("{2150E333-8FDC-42A3-9474-1A3956D46DE8}") = "src", "src", "{021CD24C-D12E-4435-8FEE-802A4D0AA30B}"
EndProject
Project("{2150E333-8FDC-42A3-9474-1A3956D46DE8}") = "tests", "tests", "{82498727-8CFD-4E60-8E9D-32FBEB594063}"
EndProject
Project("{9A19103F-16F7-4668-BE54-9A1E7A4F7556}") = "System.Reflection.DispatchProxy", "src\System.Reflection.DispatchProxy\src\System.Reflection.DispatchProxy.csproj", "{EC28E44A-4515-4208-9D37-D8398F989FE6}"
EndProject
Project("{9A19103F-16F7-4668-BE54-9A1E7A4F7556}") = "System.Reflection.DispatchProxy.Tests", "src\System.Reflection.DispatchProxy\tests\System.Reflection.DispatchProxy.Tests.csproj", "{7635F09C-8CBB-41D5-A0E6-CC0B3FEC989F}"
EndProject
Project("{2150E333-8FDC-42A3-9474-1A3956D46DE8}") = "System.Threading.Tasks.Extensions", "System.Threading.Tasks.Extensions", "{FBAAF48E-58AD-4870-9692-9AB7C407B695}"
EndProject
Project("{2150E333-8FDC-42A3-9474-1A3956D46DE8}") = "src", "src", "{6DCA2B87-5722-45FC-9BEC-701910A3D006}"
EndProject
Project("{2150E333-8FDC-42A3-9474-1A3956D46DE8}") = "tests", "tests", "{7F8F2EEC-AF2B-4535-8F71-DF869571CF75}"
EndProject
Project("{9A19103F-16F7-4668-BE54-9A1E7A4F7556}") = "System.Threading.Tasks.Extensions", "src\System.Threading.Tasks.Extensions\src\System.Threading.Tasks.Extensions.csproj", "{8DE7D7DC-DBB5-4C5E-BE40-0F2AA2C1724C}"
EndProject
Project("{9A19103F-16F7-4668-BE54-9A1E7A4F7556}") = "System.Threading.Tasks.Extensions.Tests", "src\System.Threading.Tasks.Extensions\tests\System.Threading.Tasks.Extensions.Tests.csproj", "{2A931B71-5532-470C-B867-1F100A375FD2}"
EndProject
Global
	GlobalSection(SolutionConfigurationPlatforms) = preSolution
		Debug|Any CPU = Debug|Any CPU
		Release|Any CPU = Release|Any CPU
	EndGlobalSection
	GlobalSection(ProjectConfigurationPlatforms) = postSolution
		{0616E313-AAB2-447D-B85C-846E99E82B2F}.Debug|Any CPU.ActiveCfg = Debug|Any CPU
		{0616E313-AAB2-447D-B85C-846E99E82B2F}.Debug|Any CPU.Build.0 = Debug|Any CPU
		{0616E313-AAB2-447D-B85C-846E99E82B2F}.Release|Any CPU.ActiveCfg = Release|Any CPU
		{0616E313-AAB2-447D-B85C-846E99E82B2F}.Release|Any CPU.Build.0 = Release|Any CPU
		{D62C613F-3EE0-45E9-83C1-5F00D4979E55}.Debug|Any CPU.ActiveCfg = Debug|Any CPU
		{D62C613F-3EE0-45E9-83C1-5F00D4979E55}.Debug|Any CPU.Build.0 = Debug|Any CPU
		{D62C613F-3EE0-45E9-83C1-5F00D4979E55}.Release|Any CPU.ActiveCfg = Release|Any CPU
		{D62C613F-3EE0-45E9-83C1-5F00D4979E55}.Release|Any CPU.Build.0 = Release|Any CPU
		{72A3385C-6B43-4D0C-AC5C-AF7EBF320D62}.Debug|Any CPU.ActiveCfg = Debug|Any CPU
		{72A3385C-6B43-4D0C-AC5C-AF7EBF320D62}.Debug|Any CPU.Build.0 = Debug|Any CPU
		{72A3385C-6B43-4D0C-AC5C-AF7EBF320D62}.Release|Any CPU.ActiveCfg = Release|Any CPU
		{72A3385C-6B43-4D0C-AC5C-AF7EBF320D62}.Release|Any CPU.Build.0 = Release|Any CPU
		{023DAED8-926C-40B5-982B-34ABD650AE6E}.Debug|Any CPU.ActiveCfg = Debug|Any CPU
		{023DAED8-926C-40B5-982B-34ABD650AE6E}.Debug|Any CPU.Build.0 = Debug|Any CPU
		{023DAED8-926C-40B5-982B-34ABD650AE6E}.Release|Any CPU.ActiveCfg = Release|Any CPU
		{023DAED8-926C-40B5-982B-34ABD650AE6E}.Release|Any CPU.Build.0 = Release|Any CPU
		{6C0E5509-10FA-489D-B8B9-83364783BBB2}.Debug|Any CPU.ActiveCfg = Debug|Any CPU
		{6C0E5509-10FA-489D-B8B9-83364783BBB2}.Debug|Any CPU.Build.0 = Debug|Any CPU
		{6C0E5509-10FA-489D-B8B9-83364783BBB2}.Release|Any CPU.ActiveCfg = Release|Any CPU
		{6C0E5509-10FA-489D-B8B9-83364783BBB2}.Release|Any CPU.Build.0 = Release|Any CPU
		{B4DF94FE-F10D-4519-B162-ED57FE9503A3}.Debug|Any CPU.ActiveCfg = Debug|Any CPU
		{B4DF94FE-F10D-4519-B162-ED57FE9503A3}.Debug|Any CPU.Build.0 = Debug|Any CPU
		{B4DF94FE-F10D-4519-B162-ED57FE9503A3}.Release|Any CPU.ActiveCfg = Release|Any CPU
		{B4DF94FE-F10D-4519-B162-ED57FE9503A3}.Release|Any CPU.Build.0 = Release|Any CPU
		{8AECDA21-1239-4192-ADAC-A2395592BA6C}.Debug|Any CPU.ActiveCfg = Debug|Any CPU
		{8AECDA21-1239-4192-ADAC-A2395592BA6C}.Debug|Any CPU.Build.0 = Debug|Any CPU
		{8AECDA21-1239-4192-ADAC-A2395592BA6C}.Release|Any CPU.ActiveCfg = Release|Any CPU
		{8AECDA21-1239-4192-ADAC-A2395592BA6C}.Release|Any CPU.Build.0 = Release|Any CPU
		{80B8A19E-CE02-4602-AF3B-BB25777FC906}.Debug|Any CPU.ActiveCfg = Debug|Any CPU
		{80B8A19E-CE02-4602-AF3B-BB25777FC906}.Debug|Any CPU.Build.0 = Debug|Any CPU
		{80B8A19E-CE02-4602-AF3B-BB25777FC906}.Release|Any CPU.ActiveCfg = Release|Any CPU
		{80B8A19E-CE02-4602-AF3B-BB25777FC906}.Release|Any CPU.Build.0 = Release|Any CPU
		{EC28E44A-4515-4208-9D37-D8398F989FE6}.Debug|Any CPU.ActiveCfg = Debug|Any CPU
		{EC28E44A-4515-4208-9D37-D8398F989FE6}.Debug|Any CPU.Build.0 = Debug|Any CPU
		{EC28E44A-4515-4208-9D37-D8398F989FE6}.Release|Any CPU.ActiveCfg = Release|Any CPU
		{EC28E44A-4515-4208-9D37-D8398F989FE6}.Release|Any CPU.Build.0 = Release|Any CPU
		{7635F09C-8CBB-41D5-A0E6-CC0B3FEC989F}.Debug|Any CPU.ActiveCfg = Debug|Any CPU
		{7635F09C-8CBB-41D5-A0E6-CC0B3FEC989F}.Debug|Any CPU.Build.0 = Debug|Any CPU
		{7635F09C-8CBB-41D5-A0E6-CC0B3FEC989F}.Release|Any CPU.ActiveCfg = Release|Any CPU
		{7635F09C-8CBB-41D5-A0E6-CC0B3FEC989F}.Release|Any CPU.Build.0 = Release|Any CPU
		{8DE7D7DC-DBB5-4C5E-BE40-0F2AA2C1724C}.Debug|Any CPU.ActiveCfg = Debug|Any CPU
		{8DE7D7DC-DBB5-4C5E-BE40-0F2AA2C1724C}.Debug|Any CPU.Build.0 = Debug|Any CPU
		{8DE7D7DC-DBB5-4C5E-BE40-0F2AA2C1724C}.Release|Any CPU.ActiveCfg = Release|Any CPU
		{8DE7D7DC-DBB5-4C5E-BE40-0F2AA2C1724C}.Release|Any CPU.Build.0 = Release|Any CPU
		{2A931B71-5532-470C-B867-1F100A375FD2}.Debug|Any CPU.ActiveCfg = Debug|Any CPU
		{2A931B71-5532-470C-B867-1F100A375FD2}.Debug|Any CPU.Build.0 = Debug|Any CPU
		{2A931B71-5532-470C-B867-1F100A375FD2}.Release|Any CPU.ActiveCfg = Release|Any CPU
		{2A931B71-5532-470C-B867-1F100A375FD2}.Release|Any CPU.Build.0 = Release|Any CPU
	EndGlobalSection
	GlobalSection(SolutionProperties) = preSolution
		HideSolutionNode = FALSE
	EndGlobalSection
	GlobalSection(NestedProjects) = preSolution
		{C49A5915-FC2A-446B-916A-8428FDB53894} = {2C54303C-7D38-4CAA-AA02-BD3A3AAC8A57}
		{0616E313-AAB2-447D-B85C-846E99E82B2F} = {C49A5915-FC2A-446B-916A-8428FDB53894}
		{098C3481-D67D-4808-9417-BDB03A2EBDA5} = {2C54303C-7D38-4CAA-AA02-BD3A3AAC8A57}
		{D62C613F-3EE0-45E9-83C1-5F00D4979E55} = {098C3481-D67D-4808-9417-BDB03A2EBDA5}
		{C4349F63-7703-4B32-A4ED-1E574E463C69} = {E8080F67-E0C1-45FE-88A1-B075D7478B39}
		{5D534C7F-F3F1-4F7F-A88B-6C8107C4C757} = {E8080F67-E0C1-45FE-88A1-B075D7478B39}
		{72A3385C-6B43-4D0C-AC5C-AF7EBF320D62} = {C4349F63-7703-4B32-A4ED-1E574E463C69}
		{023DAED8-926C-40B5-982B-34ABD650AE6E} = {5D534C7F-F3F1-4F7F-A88B-6C8107C4C757}
		{E5362B5B-2BDD-459E-ADA8-4B43AD26BB51} = {FC90D945-40A0-4CB4-BC71-EC17C9E8F419}
		{F2034F32-7729-463B-8A35-76F0BF07A160} = {FC90D945-40A0-4CB4-BC71-EC17C9E8F419}
		{6C0E5509-10FA-489D-B8B9-83364783BBB2} = {E5362B5B-2BDD-459E-ADA8-4B43AD26BB51}
		{B4DF94FE-F10D-4519-B162-ED57FE9503A3} = {F2034F32-7729-463B-8A35-76F0BF07A160}
		{AFEBA492-710F-49C1-A722-F54F9B45DD04} = {49C98554-4981-4F3A-A98E-5C729BE0D7A5}
		{285CA270-F914-4E93-857D-69F563775BD8} = {49C98554-4981-4F3A-A98E-5C729BE0D7A5}
		{8AECDA21-1239-4192-ADAC-A2395592BA6C} = {AFEBA492-710F-49C1-A722-F54F9B45DD04}
		{80B8A19E-CE02-4602-AF3B-BB25777FC906} = {285CA270-F914-4E93-857D-69F563775BD8}
		{021CD24C-D12E-4435-8FEE-802A4D0AA30B} = {E7FB03F7-C286-4618-BB7D-C4DD705A8A73}
		{82498727-8CFD-4E60-8E9D-32FBEB594063} = {E7FB03F7-C286-4618-BB7D-C4DD705A8A73}
		{EC28E44A-4515-4208-9D37-D8398F989FE6} = {021CD24C-D12E-4435-8FEE-802A4D0AA30B}
		{7635F09C-8CBB-41D5-A0E6-CC0B3FEC989F} = {82498727-8CFD-4E60-8E9D-32FBEB594063}
		{6DCA2B87-5722-45FC-9BEC-701910A3D006} = {FBAAF48E-58AD-4870-9692-9AB7C407B695}
		{7F8F2EEC-AF2B-4535-8F71-DF869571CF75} = {FBAAF48E-58AD-4870-9692-9AB7C407B695}
		{8DE7D7DC-DBB5-4C5E-BE40-0F2AA2C1724C} = {6DCA2B87-5722-45FC-9BEC-701910A3D006}
		{2A931B71-5532-470C-B867-1F100A375FD2} = {7F8F2EEC-AF2B-4535-8F71-DF869571CF75}
	EndGlobalSection
	GlobalSection(ExtensibilityGlobals) = postSolution
		SolutionGuid = {EDA1F1EF-8991-4665-BB90-C0DB04101021}
	EndGlobalSection
EndGlobal
