Microsoft Visual Studio Solution File, Format Version 12.00
# Visual Studio Version 17
VisualStudioVersion = 17.0.31903.59
MinimumVisualStudioVersion = 10.0.40219.1
Project("{2150E333-8FDC-42A3-9474-1A3956D46DE8}") = "System.Buffers", "System.Buffers", "{2C54303C-7D38-4CAA-AA02-BD3A3AAC8A57}"
EndProject
Project("{2150E333-8FDC-42A3-9474-1A3956D46DE8}") = "src", "src", "{C49A5915-FC2A-446B-916A-8428FDB53894}"
EndProject
Project("{9A19103F-16F7-4668-BE54-9A1E7A4F7556}") = "System.Buffers", "src\System.Buffers\src\System.Buffers.csproj", "{0616E313-AAB2-447D-B85C-846E99E82B2F}"
EndProject
Project("{2150E333-8FDC-42A3-9474-1A3956D46DE8}") = "tests", "tests", "{098C3481-D67D-4808-9417-BDB03A2EBDA5}"
EndProject
Project("{9A19103F-16F7-4668-BE54-9A1E7A4F7556}") = "System.Buffers.Tests", "src\System.Buffers\tests\System.Buffers.Tests.csproj", "{D62C613F-3EE0-45E9-83C1-5F00D4979E55}"
EndProject
Project("{2150E333-8FDC-42A3-9474-1A3956D46DE8}") = "Microsoft.Bcl.HashCode", "Microsoft.Bcl.HashCode", "{E8080F67-E0C1-45FE-88A1-B075D7478B39}"
EndProject
Project("{2150E333-8FDC-42A3-9474-1A3956D46DE8}") = "src", "src", "{C4349F63-7703-4B32-A4ED-1E574E463C69}"
EndProject
Project("{2150E333-8FDC-42A3-9474-1A3956D46DE8}") = "tests", "tests", "{5D534C7F-F3F1-4F7F-A88B-6C8107C4C757}"
EndProject
Project("{9A19103F-16F7-4668-BE54-9A1E7A4F7556}") = "Microsoft.Bcl.HashCode", "src\Microsoft.Bcl.HashCode\src\Microsoft.Bcl.HashCode.csproj", "{72A3385C-6B43-4D0C-AC5C-AF7EBF320D62}"
EndProject
Project("{9A19103F-16F7-4668-BE54-9A1E7A4F7556}") = "Microsoft.Bcl.HashCode.Tests", "src\Microsoft.Bcl.HashCode\tests\Microsoft.Bcl.HashCode.Tests.csproj", "{023DAED8-926C-40B5-982B-34ABD650AE6E}"
EndProject
Project("{2150E333-8FDC-42A3-9474-1A3956D46DE8}") = "System.Memory", "System.Memory", "{FC90D945-40A0-4CB4-BC71-EC17C9E8F419}"
EndProject
Project("{2150E333-8FDC-42A3-9474-1A3956D46DE8}") = "src", "src", "{E5362B5B-2BDD-459E-ADA8-4B43AD26BB51}"
EndProject
Project("{2150E333-8FDC-42A3-9474-1A3956D46DE8}") = "tests", "tests", "{F2034F32-7729-463B-8A35-76F0BF07A160}"
EndProject
Project("{9A19103F-16F7-4668-BE54-9A1E7A4F7556}") = "System.Memory", "src\System.Memory\src\System.Memory.csproj", "{6C0E5509-10FA-489D-B8B9-83364783BBB2}"
EndProject
Project("{9A19103F-16F7-4668-BE54-9A1E7A4F7556}") = "System.Memory.Tests", "src\System.Memory\tests\System.Memory.Tests.csproj", "{B4DF94FE-F10D-4519-B162-ED57FE9503A3}"
EndProject
Project("{2150E333-8FDC-42A3-9474-1A3956D46DE8}") = "System.Json", "System.Json", "{49C98554-4981-4F3A-A98E-5C729BE0D7A5}"
EndProject
Project("{2150E333-8FDC-42A3-9474-1A3956D46DE8}") = "src", "src", "{AFEBA492-710F-49C1-A722-F54F9B45DD04}"
EndProject
Project("{2150E333-8FDC-42A3-9474-1A3956D46DE8}") = "tests", "tests", "{285CA270-F914-4E93-857D-69F563775BD8}"
EndProject
Project("{9A19103F-16F7-4668-BE54-9A1E7A4F7556}") = "System.Json", "src\System.Json\src\System.Json.csproj", "{8AECDA21-1239-4192-ADAC-A2395592BA6C}"
EndProject
Project("{9A19103F-16F7-4668-BE54-9A1E7A4F7556}") = "System.Json.Tests", "src\System.Json\tests\System.Json.Tests.csproj", "{80B8A19E-CE02-4602-AF3B-BB25777FC906}"
EndProject
Project("{2150E333-8FDC-42A3-9474-1A3956D46DE8}") = "System.Reflection.DispatchProxy", "System.Reflection.DispatchProxy", "{E7FB03F7-C286-4618-BB7D-C4DD705A8A73}"
EndProject
Project("{2150E333-8FDC-42A3-9474-1A3956D46DE8}") = "src", "src", "{021CD24C-D12E-4435-8FEE-802A4D0AA30B}"
EndProject
Project("{2150E333-8FDC-42A3-9474-1A3956D46DE8}") = "tests", "tests", "{82498727-8CFD-4E60-8E9D-32FBEB594063}"
EndProject
Project("{9A19103F-16F7-4668-BE54-9A1E7A4F7556}") = "System.Reflection.DispatchProxy", "src\System.Reflection.DispatchProxy\src\System.Reflection.DispatchProxy.csproj", "{EC28E44A-4515-4208-9D37-D8398F989FE6}"
EndProject
Project("{9A19103F-16F7-4668-BE54-9A1E7A4F7556}") = "System.Reflection.DispatchProxy.Tests", "src\System.Reflection.DispatchProxy\tests\System.Reflection.DispatchProxy.Tests.csproj", "{7635F09C-8CBB-41D5-A0E6-CC0B3FEC989F}"
EndProject
Project("{2150E333-8FDC-42A3-9474-1A3956D46DE8}") = "System.Threading.Tasks.Extensions", "System.Threading.Tasks.Extensions", "{FBAAF48E-58AD-4870-9692-9AB7C407B695}"
EndProject
Project("{2150E333-8FDC-42A3-9474-1A3956D46DE8}") = "src", "src", "{6DCA2B87-5722-45FC-9BEC-701910A3D006}"
EndProject
Project("{2150E333-8FDC-42A3-9474-1A3956D46DE8}") = "tests", "tests", "{7F8F2EEC-AF2B-4535-8F71-DF869571CF75}"
EndProject
Project("{9A19103F-16F7-4668-BE54-9A1E7A4F7556}") = "System.Threading.Tasks.Extensions", "src\System.Threading.Tasks.Extensions\src\System.Threading.Tasks.Extensions.csproj", "{8DE7D7DC-DBB5-4C5E-BE40-0F2AA2C1724C}"
EndProject
Project("{9A19103F-16F7-4668-BE54-9A1E7A4F7556}") = "System.Threading.Tasks.Extensions.Tests", "src\System.Threading.Tasks.Extensions\tests\System.Threading.Tasks.Extensions.Tests.csproj", "{2A931B71-5532-470C-B867-1F100A375FD2}"
EndProject
Project("{2150E333-8FDC-42A3-9474-1A3956D46DE8}") = "System.Net.WebSockets.WebSocketProtocol", "System.Net.WebSockets.WebSocketProtocol", "{5B4ABFB2-D3F1-4244-A0DE-62FF7C96FE6B}"
EndProject
Project("{2150E333-8FDC-42A3-9474-1A3956D46DE8}") = "src", "src", "{CDAA4F6A-2DA3-4856-8B2F-1C774938386F}"
EndProject
Project("{2150E333-8FDC-42A3-9474-1A3956D46DE8}") = "tests", "tests", "{0C59C632-1793-4B41-965F-0FB276A68E03}"
EndProject
Project("{9A19103F-16F7-4668-BE54-9A1E7A4F7556}") = "System.Net.WebSockets.WebSocketProtocol", "src\System.Net.WebSockets.WebSocketProtocol\src\System.Net.WebSockets.WebSocketProtocol.csproj", "{E875A089-9A2C-44D5-A635-126E24FB862D}"
EndProject
Project("{9A19103F-16F7-4668-BE54-9A1E7A4F7556}") = "System.Net.WebSockets.WebSocketProtocol.Tests", "src\System.Net.WebSockets.WebSocketProtocol\tests\System.Net.WebSockets.WebSocketProtocol.Tests.csproj", "{19343810-5098-4307-BB8C-50AD95892719}"
EndProject
Project("{2150E333-8FDC-42A3-9474-1A3956D46DE8}") = "System.Xml.XPath.XmlDocument", "System.Xml.XPath.XmlDocument", "{9B53BEF6-8264-475D-8177-2351FB4C043A}"
EndProject
Project("{2150E333-8FDC-42A3-9474-1A3956D46DE8}") = "src", "src", "{3DDCF8CC-558A-488C-A6B1-13909A87EC81}"
EndProject
Project("{2150E333-8FDC-42A3-9474-1A3956D46DE8}") = "tests", "tests", "{1AB00F17-A78F-480F-96B7-C5DFEE6BFF30}"
EndProject
Project("{9A19103F-16F7-4668-BE54-9A1E7A4F7556}") = "System.Xml.XPath.XmlDocument.Tests", "src\System.Xml.XPath.XmlDocument\tests\System.Xml.XPath.XmlDocument.Tests.csproj", "{88B2A601-B65D-47A4-A706-54899EDC796D}"
EndProject
Project("{9A19103F-16F7-4668-BE54-9A1E7A4F7556}") = "System.Xml.XPath.XmlDocument", "src\System.Xml.XPath.XmlDocument\src\System.Xml.XPath.XmlDocument.csproj", "{93C24867-4767-4704-8B76-68268E6362E4}"
EndProject
Project("{2150E333-8FDC-42A3-9474-1A3956D46DE8}") = "System.Numerics.Vectors", "System.Numerics.Vectors", "{9D4B84F0-D89D-4355-95CF-1E4318A9B9AD}"
EndProject
Project("{2150E333-8FDC-42A3-9474-1A3956D46DE8}") = "src", "src", "{DC91D1C2-4425-4E17-861A-2B09EBC1B6CC}"
EndProject
Project("{2150E333-8FDC-42A3-9474-1A3956D46DE8}") = "tests", "tests", "{CF118142-2853-4B0A-93CE-74DE8737B634}"
EndProject
Project("{9A19103F-16F7-4668-BE54-9A1E7A4F7556}") = "System.Numerics.Vectors", "src\System.Numerics.Vectors\src\System.Numerics.Vectors.csproj", "{10D6C9CB-D22A-412F-BA1A-B54D529B4A7D}"
EndProject
Project("{9A19103F-16F7-4668-BE54-9A1E7A4F7556}") = "System.Numerics.Vectors.Tests", "src\System.Numerics.Vectors\tests\System.Numerics.Vectors.Tests.csproj", "{17DE4110-606F-49B9-8B9B-66AE8BA261C0}"
EndProject
Project("{2150E333-8FDC-42A3-9474-1A3956D46DE8}") = "System.Data.SqlClient", "System.Data.SqlClient", "{0CBCFB7A-1844-40A8-86F3-5FDA33E8077B}"
EndProject
Project("{2150E333-8FDC-42A3-9474-1A3956D46DE8}") = "src", "src", "{C5E54919-D128-450F-9BC5-5DCC53E30BB7}"
EndProject
Project("{2150E333-8FDC-42A3-9474-1A3956D46DE8}") = "tests", "tests", "{4361DC59-9F75-487B-841B-A067B0E5B9D4}"
EndProject
Project("{9A19103F-16F7-4668-BE54-9A1E7A4F7556}") = "System.Data.SqlClient", "src\System.Data.SqlClient\src\System.Data.SqlClient.csproj", "{9F2F4AE9-0194-4DB8-8BD2-F7ABE009CCFD}"
EndProject
Project("{2150E333-8FDC-42A3-9474-1A3956D46DE8}") = "System.Runtime.CompilerServices.Unsafe", "System.Runtime.CompilerServices.Unsafe", "{C8D70D0B-A9D9-4386-A9A2-CFC3C2FDEBDF}"
EndProject
Project("{2150E333-8FDC-42A3-9474-1A3956D46DE8}") = "src", "src", "{18188B46-A3A3-4026-8D4C-59BF50EC1BB2}"
EndProject
Project("{2150E333-8FDC-42A3-9474-1A3956D46DE8}") = "tests", "tests", "{981189F1-3DF3-44ED-BB11-20822008F85D}"
EndProject
Project("{9A19103F-16F7-4668-BE54-9A1E7A4F7556}") = "System.Runtime.CompilerServices.Unsafe.Tests", "src\System.Runtime.CompilerServices.Unsafe\tests\System.Runtime.CompilerServices.Unsafe.Tests.csproj", "{968B2C10-1F18-4A12-8E22-833E4195C2D1}"
EndProject
Project("{FAE04EC0-301F-11D3-BF4B-00C04F79EFBC}") = "System.Runtime.CompilerServices.Unsafe", "src\System.Runtime.CompilerServices.Unsafe\src\System.Runtime.CompilerServices.Unsafe.ilproj", "{CF99D9B6-B784-4FF5-AE08-19662FAE7D91}"
EndProject
Project("{2150E333-8FDC-42A3-9474-1A3956D46DE8}") = "Microsoft.IO.Redist", "Microsoft.IO.Redist", "{A376FF60-3E89-40F1-BD79-652C4DD6EE89}"
EndProject
Project("{2150E333-8FDC-42A3-9474-1A3956D46DE8}") = "src", "src", "{0E5B076B-8969-4738-9E5A-0D83061570DD}"
EndProject
Project("{FAE04EC0-301F-11D3-BF4B-00C04F79EFBC}") = "Microsoft.IO.Redist", "src\Microsoft.IO.Redist\src\Microsoft.IO.Redist.csproj", "{C45866E3-904C-4707-985A-ED3A3E650FF2}"
EndProject
Project("{2150E333-8FDC-42A3-9474-1A3956D46DE8}") = "FunctionalTests", "FunctionalTests", "{581FAEF2-301E-41F9-B46B-6B51EA2B927E}"
EndProject
Project("{2150E333-8FDC-42A3-9474-1A3956D46DE8}") = "ManualTests", "ManualTests", "{695749E8-3339-48D0-9650-34C72CCEEBFF}"
EndProject
Project("{2150E333-8FDC-42A3-9474-1A3956D46DE8}") = "StressTests", "StressTests", "{9848761F-32CD-442C-BC55-ECC21562426D}"
EndProject
Project("{2150E333-8FDC-42A3-9474-1A3956D46DE8}") = "TDS", "TDS", "{CD601656-2933-4096-98D9-F82D41A85DD1}"
EndProject
Project("{2150E333-8FDC-42A3-9474-1A3956D46DE8}") = "TDS", "TDS", "{60604421-DA9B-4573-947F-375E2BEE85FD}"
EndProject
Project("{2150E333-8FDC-42A3-9474-1A3956D46DE8}") = "TDS.EndPoint", "TDS.EndPoint", "{344BA1A5-BAC4-4D80-A070-DB2CEEEF2FBF}"
EndProject
Project("{2150E333-8FDC-42A3-9474-1A3956D46DE8}") = "TDS.Servers", "TDS.Servers", "{17991DFF-526A-4A5E-9B6A-FBF6FC15E621}"
EndProject
Project("{FAE04EC0-301F-11D3-BF4B-00C04F79EFBC}") = "System.Data.SqlClient.Tests", "src\System.Data.SqlClient\tests\FunctionalTests\System.Data.SqlClient.Tests.csproj", "{F3E72F35-0351-4D67-9388-725BCAD807BA}"
EndProject
Project("{FAE04EC0-301F-11D3-BF4B-00C04F79EFBC}") = "System.Data.SqlClient.ManualTesting.Tests", "src\System.Data.SqlClient\tests\ManualTests\System.Data.SqlClient.ManualTesting.Tests.csproj", "{45DB5F86-7AE3-45C6-870D-F9357B66BDB5}"
EndProject
Project("{2150E333-8FDC-42A3-9474-1A3956D46DE8}") = "Address", "Address", "{206C7C67-377B-475D-9A6D-B13E0FF4FECB}"
EndProject
Project("{2150E333-8FDC-42A3-9474-1A3956D46DE8}") = "Circle", "Circle", "{9F564E0C-4486-4B03-A263-ACF04A17013D}"
EndProject
Project("{2150E333-8FDC-42A3-9474-1A3956D46DE8}") = "Shapes", "Shapes", "{8D538D30-A55E-4F96-AA6D-0C4F7483E698}"
EndProject
Project("{2150E333-8FDC-42A3-9474-1A3956D46DE8}") = "Utf8String", "Utf8String", "{57D149AF-87A0-4E04-82AE-5E6BEB80D610}"
EndProject
Project("{FAE04EC0-301F-11D3-BF4B-00C04F79EFBC}") = "Circle", "src\System.Data.SqlClient\tests\ManualTests\SQL\UdtTest\UDTs\Circle\Circle.csproj", "{6C88F00F-9597-43AD-9E5F-9B344DA3B16F}"
EndProject
Project("{FAE04EC0-301F-11D3-BF4B-00C04F79EFBC}") = "Shapes", "src\System.Data.SqlClient\tests\ManualTests\SQL\UdtTest\UDTs\Shapes\Shapes.csproj", "{B73A7063-37C3-415D-AD53-BB3DA20ABD6E}"
EndProject
Project("{FAE04EC0-301F-11D3-BF4B-00C04F79EFBC}") = "Utf8String", "src\System.Data.SqlClient\tests\ManualTests\SQL\UdtTest\UDTs\Utf8String\Utf8String.csproj", "{E0A6BB21-574B-43D9-890D-6E1144F2EE9E}"
EndProject
Project("{2150E333-8FDC-42A3-9474-1A3956D46DE8}") = "IMonitorLoader", "IMonitorLoader", "{E5A83331-B0F8-45DE-A7E7-C1459A981289}"
EndProject
Project("{2150E333-8FDC-42A3-9474-1A3956D46DE8}") = "Stress", "Stress", "{6C2A4465-1A7E-4E28-BA64-5E8A489CE09F}"
EndProject
Project("{2150E333-8FDC-42A3-9474-1A3956D46DE8}") = "StressFramework", "StressFramework", "{DF4A2ACC-14C7-4C9D-B85C-ED03B9E21AB1}"
EndProject
Project("{2150E333-8FDC-42A3-9474-1A3956D46DE8}") = "StressRunner", "StressRunner", "{E75FE0AF-5F06-4BE8-9059-D0E799D98260}"
EndProject
Project("{FAE04EC0-301F-11D3-BF4B-00C04F79EFBC}") = "IMonitorLoader", "src\System.Data.SqlClient\tests\StressTests\IMonitorLoader\IMonitorLoader.csproj", "{AF78BA88-6428-47EA-8682-442DAF8E9656}"
EndProject
Project("{FAE04EC0-301F-11D3-BF4B-00C04F79EFBC}") = "System.Data.SqlClient.Stress.Tests", "src\System.Data.SqlClient\tests\StressTests\System.Data.SqlClient.Stress.Tests\System.Data.SqlClient.Stress.Tests.csproj", "{B94B8E6D-3E41-4046-B758-4A2E281F74EE}"
EndProject
Project("{FAE04EC0-301F-11D3-BF4B-00C04F79EFBC}") = "System.Data.StressFramework", "src\System.Data.SqlClient\tests\StressTests\System.Data.StressFramework\System.Data.StressFramework.csproj", "{518A4E22-0144-4699-80AE-757B744E8E38}"
EndProject
Project("{FAE04EC0-301F-11D3-BF4B-00C04F79EFBC}") = "System.Data.StressRunner", "src\System.Data.SqlClient\tests\StressTests\System.Data.StressRunner\System.Data.StressRunner.csproj", "{529B187A-DE4F-4F4D-9FBB-D3D416FDB683}"
EndProject
Project("{FAE04EC0-301F-11D3-BF4B-00C04F79EFBC}") = "TDS", "src\System.Data.SqlClient\tests\Tools\TDS\TDS\TDS.csproj", "{8DC9D1A0-351B-47BC-A90F-B9DA542550E9}"
EndProject
Project("{FAE04EC0-301F-11D3-BF4B-00C04F79EFBC}") = "TDS.EndPoint", "src\System.Data.SqlClient\tests\Tools\TDS\TDS.EndPoint\TDS.EndPoint.csproj", "{1FF891B4-D3DE-4CCE-887C-CB48F5351A45}"
EndProject
Project("{FAE04EC0-301F-11D3-BF4B-00C04F79EFBC}") = "TDS.Servers", "src\System.Data.SqlClient\tests\Tools\TDS\TDS.Servers\TDS.Servers.csproj", "{978063D3-FBB5-4E10-8C45-67C90BE1B931}"
EndProject
Project("{FAE04EC0-301F-11D3-BF4B-00C04F79EFBC}") = "Address", "src\System.Data.SqlClient\tests\ManualTests\SQL\UdtTest\UDTs\Address\Address.csproj", "{D1392B54-998A-4F27-BC17-4CE149117BCC}"
EndProject
Global
	GlobalSection(SolutionConfigurationPlatforms) = preSolution
		Debug|Any CPU = Debug|Any CPU
		Release|Any CPU = Release|Any CPU
	EndGlobalSection
	GlobalSection(ProjectConfigurationPlatforms) = postSolution
		{0616E313-AAB2-447D-B85C-846E99E82B2F}.Debug|Any CPU.ActiveCfg = Debug|Any CPU
		{0616E313-AAB2-447D-B85C-846E99E82B2F}.Debug|Any CPU.Build.0 = Debug|Any CPU
		{0616E313-AAB2-447D-B85C-846E99E82B2F}.Release|Any CPU.ActiveCfg = Release|Any CPU
		{0616E313-AAB2-447D-B85C-846E99E82B2F}.Release|Any CPU.Build.0 = Release|Any CPU
		{D62C613F-3EE0-45E9-83C1-5F00D4979E55}.Debug|Any CPU.ActiveCfg = Debug|Any CPU
		{D62C613F-3EE0-45E9-83C1-5F00D4979E55}.Debug|Any CPU.Build.0 = Debug|Any CPU
		{D62C613F-3EE0-45E9-83C1-5F00D4979E55}.Release|Any CPU.ActiveCfg = Release|Any CPU
		{D62C613F-3EE0-45E9-83C1-5F00D4979E55}.Release|Any CPU.Build.0 = Release|Any CPU
		{72A3385C-6B43-4D0C-AC5C-AF7EBF320D62}.Debug|Any CPU.ActiveCfg = Debug|Any CPU
		{72A3385C-6B43-4D0C-AC5C-AF7EBF320D62}.Debug|Any CPU.Build.0 = Debug|Any CPU
		{72A3385C-6B43-4D0C-AC5C-AF7EBF320D62}.Release|Any CPU.ActiveCfg = Release|Any CPU
		{72A3385C-6B43-4D0C-AC5C-AF7EBF320D62}.Release|Any CPU.Build.0 = Release|Any CPU
		{023DAED8-926C-40B5-982B-34ABD650AE6E}.Debug|Any CPU.ActiveCfg = Debug|Any CPU
		{023DAED8-926C-40B5-982B-34ABD650AE6E}.Debug|Any CPU.Build.0 = Debug|Any CPU
		{023DAED8-926C-40B5-982B-34ABD650AE6E}.Release|Any CPU.ActiveCfg = Release|Any CPU
		{023DAED8-926C-40B5-982B-34ABD650AE6E}.Release|Any CPU.Build.0 = Release|Any CPU
		{6C0E5509-10FA-489D-B8B9-83364783BBB2}.Debug|Any CPU.ActiveCfg = Debug|Any CPU
		{6C0E5509-10FA-489D-B8B9-83364783BBB2}.Debug|Any CPU.Build.0 = Debug|Any CPU
		{6C0E5509-10FA-489D-B8B9-83364783BBB2}.Release|Any CPU.ActiveCfg = Release|Any CPU
		{6C0E5509-10FA-489D-B8B9-83364783BBB2}.Release|Any CPU.Build.0 = Release|Any CPU
		{B4DF94FE-F10D-4519-B162-ED57FE9503A3}.Debug|Any CPU.ActiveCfg = Debug|Any CPU
		{B4DF94FE-F10D-4519-B162-ED57FE9503A3}.Debug|Any CPU.Build.0 = Debug|Any CPU
		{B4DF94FE-F10D-4519-B162-ED57FE9503A3}.Release|Any CPU.ActiveCfg = Release|Any CPU
		{B4DF94FE-F10D-4519-B162-ED57FE9503A3}.Release|Any CPU.Build.0 = Release|Any CPU
		{8AECDA21-1239-4192-ADAC-A2395592BA6C}.Debug|Any CPU.ActiveCfg = Debug|Any CPU
		{8AECDA21-1239-4192-ADAC-A2395592BA6C}.Debug|Any CPU.Build.0 = Debug|Any CPU
		{8AECDA21-1239-4192-ADAC-A2395592BA6C}.Release|Any CPU.ActiveCfg = Release|Any CPU
		{8AECDA21-1239-4192-ADAC-A2395592BA6C}.Release|Any CPU.Build.0 = Release|Any CPU
		{80B8A19E-CE02-4602-AF3B-BB25777FC906}.Debug|Any CPU.ActiveCfg = Debug|Any CPU
		{80B8A19E-CE02-4602-AF3B-BB25777FC906}.Debug|Any CPU.Build.0 = Debug|Any CPU
		{80B8A19E-CE02-4602-AF3B-BB25777FC906}.Release|Any CPU.ActiveCfg = Release|Any CPU
		{80B8A19E-CE02-4602-AF3B-BB25777FC906}.Release|Any CPU.Build.0 = Release|Any CPU
		{EC28E44A-4515-4208-9D37-D8398F989FE6}.Debug|Any CPU.ActiveCfg = Debug|Any CPU
		{EC28E44A-4515-4208-9D37-D8398F989FE6}.Debug|Any CPU.Build.0 = Debug|Any CPU
		{EC28E44A-4515-4208-9D37-D8398F989FE6}.Release|Any CPU.ActiveCfg = Release|Any CPU
		{EC28E44A-4515-4208-9D37-D8398F989FE6}.Release|Any CPU.Build.0 = Release|Any CPU
		{7635F09C-8CBB-41D5-A0E6-CC0B3FEC989F}.Debug|Any CPU.ActiveCfg = Debug|Any CPU
		{7635F09C-8CBB-41D5-A0E6-CC0B3FEC989F}.Debug|Any CPU.Build.0 = Debug|Any CPU
		{7635F09C-8CBB-41D5-A0E6-CC0B3FEC989F}.Release|Any CPU.ActiveCfg = Release|Any CPU
		{7635F09C-8CBB-41D5-A0E6-CC0B3FEC989F}.Release|Any CPU.Build.0 = Release|Any CPU
		{8DE7D7DC-DBB5-4C5E-BE40-0F2AA2C1724C}.Debug|Any CPU.ActiveCfg = Debug|Any CPU
		{8DE7D7DC-DBB5-4C5E-BE40-0F2AA2C1724C}.Debug|Any CPU.Build.0 = Debug|Any CPU
		{8DE7D7DC-DBB5-4C5E-BE40-0F2AA2C1724C}.Release|Any CPU.ActiveCfg = Release|Any CPU
		{8DE7D7DC-DBB5-4C5E-BE40-0F2AA2C1724C}.Release|Any CPU.Build.0 = Release|Any CPU
		{2A931B71-5532-470C-B867-1F100A375FD2}.Debug|Any CPU.ActiveCfg = Debug|Any CPU
		{2A931B71-5532-470C-B867-1F100A375FD2}.Debug|Any CPU.Build.0 = Debug|Any CPU
		{2A931B71-5532-470C-B867-1F100A375FD2}.Release|Any CPU.ActiveCfg = Release|Any CPU
		{2A931B71-5532-470C-B867-1F100A375FD2}.Release|Any CPU.Build.0 = Release|Any CPU
		{E875A089-9A2C-44D5-A635-126E24FB862D}.Debug|Any CPU.ActiveCfg = Debug|Any CPU
		{E875A089-9A2C-44D5-A635-126E24FB862D}.Debug|Any CPU.Build.0 = Debug|Any CPU
		{E875A089-9A2C-44D5-A635-126E24FB862D}.Release|Any CPU.ActiveCfg = Release|Any CPU
		{E875A089-9A2C-44D5-A635-126E24FB862D}.Release|Any CPU.Build.0 = Release|Any CPU
		{19343810-5098-4307-BB8C-50AD95892719}.Debug|Any CPU.ActiveCfg = Debug|Any CPU
		{19343810-5098-4307-BB8C-50AD95892719}.Debug|Any CPU.Build.0 = Debug|Any CPU
		{19343810-5098-4307-BB8C-50AD95892719}.Release|Any CPU.ActiveCfg = Release|Any CPU
		{19343810-5098-4307-BB8C-50AD95892719}.Release|Any CPU.Build.0 = Release|Any CPU
		{88B2A601-B65D-47A4-A706-54899EDC796D}.Debug|Any CPU.ActiveCfg = Debug|Any CPU
		{88B2A601-B65D-47A4-A706-54899EDC796D}.Debug|Any CPU.Build.0 = Debug|Any CPU
		{88B2A601-B65D-47A4-A706-54899EDC796D}.Release|Any CPU.ActiveCfg = Release|Any CPU
		{88B2A601-B65D-47A4-A706-54899EDC796D}.Release|Any CPU.Build.0 = Release|Any CPU
		{93C24867-4767-4704-8B76-68268E6362E4}.Debug|Any CPU.ActiveCfg = Debug|Any CPU
		{93C24867-4767-4704-8B76-68268E6362E4}.Debug|Any CPU.Build.0 = Debug|Any CPU
		{93C24867-4767-4704-8B76-68268E6362E4}.Release|Any CPU.ActiveCfg = Release|Any CPU
		{93C24867-4767-4704-8B76-68268E6362E4}.Release|Any CPU.Build.0 = Release|Any CPU
		{10D6C9CB-D22A-412F-BA1A-B54D529B4A7D}.Debug|Any CPU.ActiveCfg = Debug|Any CPU
		{10D6C9CB-D22A-412F-BA1A-B54D529B4A7D}.Debug|Any CPU.Build.0 = Debug|Any CPU
		{10D6C9CB-D22A-412F-BA1A-B54D529B4A7D}.Release|Any CPU.ActiveCfg = Release|Any CPU
		{10D6C9CB-D22A-412F-BA1A-B54D529B4A7D}.Release|Any CPU.Build.0 = Release|Any CPU
		{17DE4110-606F-49B9-8B9B-66AE8BA261C0}.Debug|Any CPU.ActiveCfg = Debug|Any CPU
		{17DE4110-606F-49B9-8B9B-66AE8BA261C0}.Debug|Any CPU.Build.0 = Debug|Any CPU
		{17DE4110-606F-49B9-8B9B-66AE8BA261C0}.Release|Any CPU.ActiveCfg = Release|Any CPU
		{17DE4110-606F-49B9-8B9B-66AE8BA261C0}.Release|Any CPU.Build.0 = Release|Any CPU
		{9F2F4AE9-0194-4DB8-8BD2-F7ABE009CCFD}.Debug|Any CPU.ActiveCfg = Debug|Any CPU
		{9F2F4AE9-0194-4DB8-8BD2-F7ABE009CCFD}.Debug|Any CPU.Build.0 = Debug|Any CPU
		{9F2F4AE9-0194-4DB8-8BD2-F7ABE009CCFD}.Release|Any CPU.ActiveCfg = Release|Any CPU
		{9F2F4AE9-0194-4DB8-8BD2-F7ABE009CCFD}.Release|Any CPU.Build.0 = Release|Any CPU
		{968B2C10-1F18-4A12-8E22-833E4195C2D1}.Debug|Any CPU.ActiveCfg = Debug|Any CPU
		{968B2C10-1F18-4A12-8E22-833E4195C2D1}.Debug|Any CPU.Build.0 = Debug|Any CPU
		{968B2C10-1F18-4A12-8E22-833E4195C2D1}.Release|Any CPU.ActiveCfg = Release|Any CPU
		{968B2C10-1F18-4A12-8E22-833E4195C2D1}.Release|Any CPU.Build.0 = Release|Any CPU
		{CF99D9B6-B784-4FF5-AE08-19662FAE7D91}.Debug|Any CPU.ActiveCfg = Debug|Any CPU
		{CF99D9B6-B784-4FF5-AE08-19662FAE7D91}.Debug|Any CPU.Build.0 = Debug|Any CPU
		{CF99D9B6-B784-4FF5-AE08-19662FAE7D91}.Release|Any CPU.ActiveCfg = Release|Any CPU
		{CF99D9B6-B784-4FF5-AE08-19662FAE7D91}.Release|Any CPU.Build.0 = Release|Any CPU
		{C45866E3-904C-4707-985A-ED3A3E650FF2}.Debug|Any CPU.ActiveCfg = Debug|Any CPU
		{C45866E3-904C-4707-985A-ED3A3E650FF2}.Debug|Any CPU.Build.0 = Debug|Any CPU
		{C45866E3-904C-4707-985A-ED3A3E650FF2}.Release|Any CPU.ActiveCfg = Release|Any CPU
		{C45866E3-904C-4707-985A-ED3A3E650FF2}.Release|Any CPU.Build.0 = Release|Any CPU
		{F3E72F35-0351-4D67-9388-725BCAD807BA}.Debug|Any CPU.ActiveCfg = Debug|Any CPU
		{F3E72F35-0351-4D67-9388-725BCAD807BA}.Debug|Any CPU.Build.0 = Debug|Any CPU
		{F3E72F35-0351-4D67-9388-725BCAD807BA}.Release|Any CPU.ActiveCfg = Release|Any CPU
		{F3E72F35-0351-4D67-9388-725BCAD807BA}.Release|Any CPU.Build.0 = Release|Any CPU
		{45DB5F86-7AE3-45C6-870D-F9357B66BDB5}.Debug|Any CPU.ActiveCfg = Debug|Any CPU
		{45DB5F86-7AE3-45C6-870D-F9357B66BDB5}.Debug|Any CPU.Build.0 = Debug|Any CPU
		{45DB5F86-7AE3-45C6-870D-F9357B66BDB5}.Release|Any CPU.ActiveCfg = Release|Any CPU
		{45DB5F86-7AE3-45C6-870D-F9357B66BDB5}.Release|Any CPU.Build.0 = Release|Any CPU
		{6C88F00F-9597-43AD-9E5F-9B344DA3B16F}.Debug|Any CPU.ActiveCfg = Debug|Any CPU
		{6C88F00F-9597-43AD-9E5F-9B344DA3B16F}.Debug|Any CPU.Build.0 = Debug|Any CPU
		{6C88F00F-9597-43AD-9E5F-9B344DA3B16F}.Release|Any CPU.ActiveCfg = Release|Any CPU
		{6C88F00F-9597-43AD-9E5F-9B344DA3B16F}.Release|Any CPU.Build.0 = Release|Any CPU
		{B73A7063-37C3-415D-AD53-BB3DA20ABD6E}.Debug|Any CPU.ActiveCfg = Debug|Any CPU
		{B73A7063-37C3-415D-AD53-BB3DA20ABD6E}.Debug|Any CPU.Build.0 = Debug|Any CPU
		{B73A7063-37C3-415D-AD53-BB3DA20ABD6E}.Release|Any CPU.ActiveCfg = Release|Any CPU
		{B73A7063-37C3-415D-AD53-BB3DA20ABD6E}.Release|Any CPU.Build.0 = Release|Any CPU
		{E0A6BB21-574B-43D9-890D-6E1144F2EE9E}.Debug|Any CPU.ActiveCfg = Debug|Any CPU
		{E0A6BB21-574B-43D9-890D-6E1144F2EE9E}.Debug|Any CPU.Build.0 = Debug|Any CPU
		{E0A6BB21-574B-43D9-890D-6E1144F2EE9E}.Release|Any CPU.ActiveCfg = Release|Any CPU
		{E0A6BB21-574B-43D9-890D-6E1144F2EE9E}.Release|Any CPU.Build.0 = Release|Any CPU
		{AF78BA88-6428-47EA-8682-442DAF8E9656}.Debug|Any CPU.ActiveCfg = netstandard-Unix-Debug|Any CPU
		{AF78BA88-6428-47EA-8682-442DAF8E9656}.Debug|Any CPU.Build.0 = netstandard-Unix-Debug|Any CPU
		{AF78BA88-6428-47EA-8682-442DAF8E9656}.Release|Any CPU.ActiveCfg = netstandard-Unix-Debug|Any CPU
		{AF78BA88-6428-47EA-8682-442DAF8E9656}.Release|Any CPU.Build.0 = netstandard-Unix-Debug|Any CPU
		{B94B8E6D-3E41-4046-B758-4A2E281F74EE}.Debug|Any CPU.ActiveCfg = netcoreapp-Unix-Debug|Any CPU
		{B94B8E6D-3E41-4046-B758-4A2E281F74EE}.Debug|Any CPU.Build.0 = netcoreapp-Unix-Debug|Any CPU
		{B94B8E6D-3E41-4046-B758-4A2E281F74EE}.Release|Any CPU.ActiveCfg = netcoreapp-Unix-Debug|Any CPU
		{B94B8E6D-3E41-4046-B758-4A2E281F74EE}.Release|Any CPU.Build.0 = netcoreapp-Unix-Debug|Any CPU
		{518A4E22-0144-4699-80AE-757B744E8E38}.Debug|Any CPU.ActiveCfg = netcoreapp-Unix-Debug|Any CPU
		{518A4E22-0144-4699-80AE-757B744E8E38}.Debug|Any CPU.Build.0 = netcoreapp-Unix-Debug|Any CPU
		{518A4E22-0144-4699-80AE-757B744E8E38}.Release|Any CPU.ActiveCfg = netcoreapp-Unix-Debug|Any CPU
		{518A4E22-0144-4699-80AE-757B744E8E38}.Release|Any CPU.Build.0 = netcoreapp-Unix-Debug|Any CPU
		{529B187A-DE4F-4F4D-9FBB-D3D416FDB683}.Debug|Any CPU.ActiveCfg = netcoreapp-Unix-Debug|Any CPU
		{529B187A-DE4F-4F4D-9FBB-D3D416FDB683}.Debug|Any CPU.Build.0 = netcoreapp-Unix-Debug|Any CPU
		{529B187A-DE4F-4F4D-9FBB-D3D416FDB683}.Release|Any CPU.ActiveCfg = netcoreapp-Unix-Debug|Any CPU
		{529B187A-DE4F-4F4D-9FBB-D3D416FDB683}.Release|Any CPU.Build.0 = netcoreapp-Unix-Debug|Any CPU
		{8DC9D1A0-351B-47BC-A90F-B9DA542550E9}.Debug|Any CPU.ActiveCfg = Debug|Any CPU
		{8DC9D1A0-351B-47BC-A90F-B9DA542550E9}.Debug|Any CPU.Build.0 = Debug|Any CPU
		{8DC9D1A0-351B-47BC-A90F-B9DA542550E9}.Release|Any CPU.ActiveCfg = Release|Any CPU
		{8DC9D1A0-351B-47BC-A90F-B9DA542550E9}.Release|Any CPU.Build.0 = Release|Any CPU
		{1FF891B4-D3DE-4CCE-887C-CB48F5351A45}.Debug|Any CPU.ActiveCfg = Debug|Any CPU
		{1FF891B4-D3DE-4CCE-887C-CB48F5351A45}.Debug|Any CPU.Build.0 = Debug|Any CPU
		{1FF891B4-D3DE-4CCE-887C-CB48F5351A45}.Release|Any CPU.ActiveCfg = Release|Any CPU
		{1FF891B4-D3DE-4CCE-887C-CB48F5351A45}.Release|Any CPU.Build.0 = Release|Any CPU
		{978063D3-FBB5-4E10-8C45-67C90BE1B931}.Debug|Any CPU.ActiveCfg = Debug|Any CPU
		{978063D3-FBB5-4E10-8C45-67C90BE1B931}.Debug|Any CPU.Build.0 = Debug|Any CPU
		{978063D3-FBB5-4E10-8C45-67C90BE1B931}.Release|Any CPU.ActiveCfg = Release|Any CPU
		{978063D3-FBB5-4E10-8C45-67C90BE1B931}.Release|Any CPU.Build.0 = Release|Any CPU
		{D1392B54-998A-4F27-BC17-4CE149117BCC}.Debug|Any CPU.ActiveCfg = Debug|Any CPU
		{D1392B54-998A-4F27-BC17-4CE149117BCC}.Debug|Any CPU.Build.0 = Debug|Any CPU
		{D1392B54-998A-4F27-BC17-4CE149117BCC}.Release|Any CPU.ActiveCfg = Release|Any CPU
		{D1392B54-998A-4F27-BC17-4CE149117BCC}.Release|Any CPU.Build.0 = Release|Any CPU
	EndGlobalSection
	GlobalSection(SolutionProperties) = preSolution
		HideSolutionNode = FALSE
	EndGlobalSection
	GlobalSection(NestedProjects) = preSolution
		{C49A5915-FC2A-446B-916A-8428FDB53894} = {2C54303C-7D38-4CAA-AA02-BD3A3AAC8A57}
		{0616E313-AAB2-447D-B85C-846E99E82B2F} = {C49A5915-FC2A-446B-916A-8428FDB53894}
		{098C3481-D67D-4808-9417-BDB03A2EBDA5} = {2C54303C-7D38-4CAA-AA02-BD3A3AAC8A57}
		{D62C613F-3EE0-45E9-83C1-5F00D4979E55} = {098C3481-D67D-4808-9417-BDB03A2EBDA5}
		{C4349F63-7703-4B32-A4ED-1E574E463C69} = {E8080F67-E0C1-45FE-88A1-B075D7478B39}
		{5D534C7F-F3F1-4F7F-A88B-6C8107C4C757} = {E8080F67-E0C1-45FE-88A1-B075D7478B39}
		{72A3385C-6B43-4D0C-AC5C-AF7EBF320D62} = {C4349F63-7703-4B32-A4ED-1E574E463C69}
		{023DAED8-926C-40B5-982B-34ABD650AE6E} = {5D534C7F-F3F1-4F7F-A88B-6C8107C4C757}
		{E5362B5B-2BDD-459E-ADA8-4B43AD26BB51} = {FC90D945-40A0-4CB4-BC71-EC17C9E8F419}
		{F2034F32-7729-463B-8A35-76F0BF07A160} = {FC90D945-40A0-4CB4-BC71-EC17C9E8F419}
		{6C0E5509-10FA-489D-B8B9-83364783BBB2} = {E5362B5B-2BDD-459E-ADA8-4B43AD26BB51}
		{B4DF94FE-F10D-4519-B162-ED57FE9503A3} = {F2034F32-7729-463B-8A35-76F0BF07A160}
		{AFEBA492-710F-49C1-A722-F54F9B45DD04} = {49C98554-4981-4F3A-A98E-5C729BE0D7A5}
		{285CA270-F914-4E93-857D-69F563775BD8} = {49C98554-4981-4F3A-A98E-5C729BE0D7A5}
		{8AECDA21-1239-4192-ADAC-A2395592BA6C} = {AFEBA492-710F-49C1-A722-F54F9B45DD04}
		{80B8A19E-CE02-4602-AF3B-BB25777FC906} = {285CA270-F914-4E93-857D-69F563775BD8}
		{021CD24C-D12E-4435-8FEE-802A4D0AA30B} = {E7FB03F7-C286-4618-BB7D-C4DD705A8A73}
		{82498727-8CFD-4E60-8E9D-32FBEB594063} = {E7FB03F7-C286-4618-BB7D-C4DD705A8A73}
		{EC28E44A-4515-4208-9D37-D8398F989FE6} = {021CD24C-D12E-4435-8FEE-802A4D0AA30B}
		{7635F09C-8CBB-41D5-A0E6-CC0B3FEC989F} = {82498727-8CFD-4E60-8E9D-32FBEB594063}
		{6DCA2B87-5722-45FC-9BEC-701910A3D006} = {FBAAF48E-58AD-4870-9692-9AB7C407B695}
		{7F8F2EEC-AF2B-4535-8F71-DF869571CF75} = {FBAAF48E-58AD-4870-9692-9AB7C407B695}
		{8DE7D7DC-DBB5-4C5E-BE40-0F2AA2C1724C} = {6DCA2B87-5722-45FC-9BEC-701910A3D006}
		{2A931B71-5532-470C-B867-1F100A375FD2} = {7F8F2EEC-AF2B-4535-8F71-DF869571CF75}
		{CDAA4F6A-2DA3-4856-8B2F-1C774938386F} = {5B4ABFB2-D3F1-4244-A0DE-62FF7C96FE6B}
		{0C59C632-1793-4B41-965F-0FB276A68E03} = {5B4ABFB2-D3F1-4244-A0DE-62FF7C96FE6B}
		{E875A089-9A2C-44D5-A635-126E24FB862D} = {CDAA4F6A-2DA3-4856-8B2F-1C774938386F}
		{19343810-5098-4307-BB8C-50AD95892719} = {0C59C632-1793-4B41-965F-0FB276A68E03}
		{3DDCF8CC-558A-488C-A6B1-13909A87EC81} = {9B53BEF6-8264-475D-8177-2351FB4C043A}
		{1AB00F17-A78F-480F-96B7-C5DFEE6BFF30} = {9B53BEF6-8264-475D-8177-2351FB4C043A}
		{88B2A601-B65D-47A4-A706-54899EDC796D} = {1AB00F17-A78F-480F-96B7-C5DFEE6BFF30}
		{93C24867-4767-4704-8B76-68268E6362E4} = {3DDCF8CC-558A-488C-A6B1-13909A87EC81}
		{DC91D1C2-4425-4E17-861A-2B09EBC1B6CC} = {9D4B84F0-D89D-4355-95CF-1E4318A9B9AD}
		{CF118142-2853-4B0A-93CE-74DE8737B634} = {9D4B84F0-D89D-4355-95CF-1E4318A9B9AD}
		{10D6C9CB-D22A-412F-BA1A-B54D529B4A7D} = {DC91D1C2-4425-4E17-861A-2B09EBC1B6CC}
		{17DE4110-606F-49B9-8B9B-66AE8BA261C0} = {CF118142-2853-4B0A-93CE-74DE8737B634}
		{C5E54919-D128-450F-9BC5-5DCC53E30BB7} = {0CBCFB7A-1844-40A8-86F3-5FDA33E8077B}
		{4361DC59-9F75-487B-841B-A067B0E5B9D4} = {0CBCFB7A-1844-40A8-86F3-5FDA33E8077B}
		{9F2F4AE9-0194-4DB8-8BD2-F7ABE009CCFD} = {C5E54919-D128-450F-9BC5-5DCC53E30BB7}
		{18188B46-A3A3-4026-8D4C-59BF50EC1BB2} = {C8D70D0B-A9D9-4386-A9A2-CFC3C2FDEBDF}
		{981189F1-3DF3-44ED-BB11-20822008F85D} = {C8D70D0B-A9D9-4386-A9A2-CFC3C2FDEBDF}
		{968B2C10-1F18-4A12-8E22-833E4195C2D1} = {981189F1-3DF3-44ED-BB11-20822008F85D}
		{CF99D9B6-B784-4FF5-AE08-19662FAE7D91} = {18188B46-A3A3-4026-8D4C-59BF50EC1BB2}
		{0E5B076B-8969-4738-9E5A-0D83061570DD} = {A376FF60-3E89-40F1-BD79-652C4DD6EE89}
		{C45866E3-904C-4707-985A-ED3A3E650FF2} = {0E5B076B-8969-4738-9E5A-0D83061570DD}
		{581FAEF2-301E-41F9-B46B-6B51EA2B927E} = {4361DC59-9F75-487B-841B-A067B0E5B9D4}
		{695749E8-3339-48D0-9650-34C72CCEEBFF} = {4361DC59-9F75-487B-841B-A067B0E5B9D4}
		{9848761F-32CD-442C-BC55-ECC21562426D} = {4361DC59-9F75-487B-841B-A067B0E5B9D4}
		{CD601656-2933-4096-98D9-F82D41A85DD1} = {4361DC59-9F75-487B-841B-A067B0E5B9D4}
		{60604421-DA9B-4573-947F-375E2BEE85FD} = {CD601656-2933-4096-98D9-F82D41A85DD1}
		{344BA1A5-BAC4-4D80-A070-DB2CEEEF2FBF} = {CD601656-2933-4096-98D9-F82D41A85DD1}
		{17991DFF-526A-4A5E-9B6A-FBF6FC15E621} = {CD601656-2933-4096-98D9-F82D41A85DD1}
		{F3E72F35-0351-4D67-9388-725BCAD807BA} = {581FAEF2-301E-41F9-B46B-6B51EA2B927E}
		{45DB5F86-7AE3-45C6-870D-F9357B66BDB5} = {695749E8-3339-48D0-9650-34C72CCEEBFF}
		{206C7C67-377B-475D-9A6D-B13E0FF4FECB} = {695749E8-3339-48D0-9650-34C72CCEEBFF}
		{9F564E0C-4486-4B03-A263-ACF04A17013D} = {695749E8-3339-48D0-9650-34C72CCEEBFF}
		{8D538D30-A55E-4F96-AA6D-0C4F7483E698} = {695749E8-3339-48D0-9650-34C72CCEEBFF}
		{57D149AF-87A0-4E04-82AE-5E6BEB80D610} = {695749E8-3339-48D0-9650-34C72CCEEBFF}
		{6C88F00F-9597-43AD-9E5F-9B344DA3B16F} = {9F564E0C-4486-4B03-A263-ACF04A17013D}
		{B73A7063-37C3-415D-AD53-BB3DA20ABD6E} = {8D538D30-A55E-4F96-AA6D-0C4F7483E698}
		{E0A6BB21-574B-43D9-890D-6E1144F2EE9E} = {57D149AF-87A0-4E04-82AE-5E6BEB80D610}
		{E5A83331-B0F8-45DE-A7E7-C1459A981289} = {9848761F-32CD-442C-BC55-ECC21562426D}
		{6C2A4465-1A7E-4E28-BA64-5E8A489CE09F} = {9848761F-32CD-442C-BC55-ECC21562426D}
		{DF4A2ACC-14C7-4C9D-B85C-ED03B9E21AB1} = {9848761F-32CD-442C-BC55-ECC21562426D}
		{E75FE0AF-5F06-4BE8-9059-D0E799D98260} = {9848761F-32CD-442C-BC55-ECC21562426D}
		{AF78BA88-6428-47EA-8682-442DAF8E9656} = {E5A83331-B0F8-45DE-A7E7-C1459A981289}
		{B94B8E6D-3E41-4046-B758-4A2E281F74EE} = {6C2A4465-1A7E-4E28-BA64-5E8A489CE09F}
		{518A4E22-0144-4699-80AE-757B744E8E38} = {DF4A2ACC-14C7-4C9D-B85C-ED03B9E21AB1}
		{529B187A-DE4F-4F4D-9FBB-D3D416FDB683} = {E75FE0AF-5F06-4BE8-9059-D0E799D98260}
		{8DC9D1A0-351B-47BC-A90F-B9DA542550E9} = {60604421-DA9B-4573-947F-375E2BEE85FD}
		{1FF891B4-D3DE-4CCE-887C-CB48F5351A45} = {344BA1A5-BAC4-4D80-A070-DB2CEEEF2FBF}
		{978063D3-FBB5-4E10-8C45-67C90BE1B931} = {17991DFF-526A-4A5E-9B6A-FBF6FC15E621}
		{D1392B54-998A-4F27-BC17-4CE149117BCC} = {206C7C67-377B-475D-9A6D-B13E0FF4FECB}
	EndGlobalSection
	GlobalSection(ExtensibilityGlobals) = postSolution
		SolutionGuid = {588483EB-F59C-4D9E-A1C7-C85D719CA1B0}
	EndGlobalSection
EndGlobal
